<?xml version="1.0" encoding="utf-8"?>
<Project ToolsVersion="4.0" xmlns="http://schemas.microsoft.com/developer/msbuild/2003">
  <ItemGroup>
    <Filter Include="소스 파일">
      <UniqueIdentifier>{4FC737F1-C7A5-4376-A066-2A32D752A2FF}</UniqueIdentifier>
      <Extensions>cpp;c;cc;cxx;def;odl;idl;hpj;bat;asm;asmx</Extensions>
    </Filter>
    <Filter Include="헤더 파일">
      <UniqueIdentifier>{93995380-89BD-4b04-88EB-625FBE52EBFB}</UniqueIdentifier>
      <Extensions>h;hh;hpp;hxx;hm;inl;inc;xsd</Extensions>
    </Filter>
    <Filter Include="리소스 파일">
      <UniqueIdentifier>{67DA6AB6-F800-4c08-8B7A-83BB121AAD01}</UniqueIdentifier>
      <Extensions>rc;ico;cur;bmp;dlg;rc2;rct;bin;rgs;gif;jpg;jpeg;jpe;resx;tiff;tif;png;wav;mfcribbon-ms</Extensions>
    </Filter>
    <Filter Include="00. MainGame">
      <UniqueIdentifier>{111a0e4f-de5d-4515-8768-b9fdf902ebca}</UniqueIdentifier>
    </Filter>
    <Filter Include="01. Obj">
      <UniqueIdentifier>{49f72e48-cb18-4e5b-bde9-39646156909b}</UniqueIdentifier>
    </Filter>
    <Filter Include="02, Design">
      <UniqueIdentifier>{df358255-7fa4-4469-8e01-872b4d9a9ab5}</UniqueIdentifier>
    </Filter>
    <Filter Include="02, Design\00. AbstractFactory">
      <UniqueIdentifier>{ee145602-5179-4643-a86f-aa83515b94ef}</UniqueIdentifier>
    </Filter>
    <Filter Include="03 Scene">
      <UniqueIdentifier>{43045655-2038-49bd-9f4a-41e3b47b87ef}</UniqueIdentifier>
    </Filter>
    <Filter Include="03 Scene\00. Game">
      <UniqueIdentifier>{cab72968-4355-47a8-a44f-0053fdd4d76a}</UniqueIdentifier>
    </Filter>
    <Filter Include="02, Design\01. CollisionMgr">
      <UniqueIdentifier>{0e99bb79-cbbd-45b3-8416-4faef50f9988}</UniqueIdentifier>
    </Filter>
    <Filter Include="02, Design\02. ObjMgr">
      <UniqueIdentifier>{b3a35873-84bb-4cee-972f-914b7d5bdcac}</UniqueIdentifier>
    </Filter>
    <Filter Include="02, Design\03. LineMgr">
      <UniqueIdentifier>{4feeb1f6-1ce7-4559-b993-158d1db82e83}</UniqueIdentifier>
    </Filter>
    <Filter Include="02, Design\04. KeyMgr">
      <UniqueIdentifier>{45d027a7-885f-4415-b4f8-32068d0f3fe7}</UniqueIdentifier>
    </Filter>
    <Filter Include="02, Design\05. ScrollMgr">
      <UniqueIdentifier>{0bdc5fd0-a2b2-48c8-875b-42a64e49f660}</UniqueIdentifier>
    </Filter>
    <Filter Include="02, Design\06. BmpMgr">
      <UniqueIdentifier>{f5a7c90d-d169-433f-a1b2-402315b7596c}</UniqueIdentifier>
    </Filter>
    <Filter Include="02, Design\07. SoundMgr">
      <UniqueIdentifier>{84c932c6-4a5b-4e46-a14e-cff54fd30e45}</UniqueIdentifier>
    </Filter>
    <Filter Include="02, Design\08. SceneMgr">
      <UniqueIdentifier>{c2e36a28-c457-4fee-98b6-dbd860398d10}</UniqueIdentifier>
    </Filter>
    <Filter Include="01. Obj\01. Block">
      <UniqueIdentifier>{cdd5f44d-c1b2-4a35-a2d7-2aede5499212}</UniqueIdentifier>
    </Filter>
    <Filter Include="02, Design\03. LineMgr\Line">
      <UniqueIdentifier>{3e0f204f-547f-48cd-ada7-a1fee641d59c}</UniqueIdentifier>
    </Filter>
    <Filter Include="02, Design\06. BmpMgr\BitMap">
      <UniqueIdentifier>{b38e480c-916a-45fa-a830-a5749eedf44c}</UniqueIdentifier>
    </Filter>
  </ItemGroup>
  <ItemGroup>
    <Text Include="ReadMe.txt" />
  </ItemGroup>
  <ItemGroup>
    <ClInclude Include="stdafx.h">
      <Filter>헤더 파일</Filter>
    </ClInclude>
    <ClInclude Include="targetver.h">
      <Filter>헤더 파일</Filter>
    </ClInclude>
    <ClInclude Include="Resource.h">
      <Filter>헤더 파일</Filter>
    </ClInclude>
    <ClInclude Include="DefaultWindow.h">
      <Filter>헤더 파일</Filter>
    </ClInclude>
    <ClInclude Include="MainGame.h">
      <Filter>00. MainGame</Filter>
    </ClInclude>
    <ClInclude Include="Define.h">
      <Filter>헤더 파일</Filter>
    </ClInclude>
    <ClInclude Include="Obj.h">
      <Filter>01. Obj</Filter>
    </ClInclude>
    <ClInclude Include="AbstractFactory.h">
      <Filter>02, Design\00. AbstractFactory</Filter>
    </ClInclude>
    <ClInclude Include="ObjMgr.h">
      <Filter>02, Design\02. ObjMgr</Filter>
    </ClInclude>
    <ClInclude Include="SceneMgr.h">
      <Filter>02, Design\08. SceneMgr</Filter>
    </ClInclude>
    <ClInclude Include="IScene.h">
      <Filter>03 Scene</Filter>
    </ClInclude>
    <ClInclude Include="Tetris.h">
      <Filter>03 Scene\00. Game</Filter>
    </ClInclude>
    <ClInclude Include="KeyMgr.h">
      <Filter>02, Design\04. KeyMgr</Filter>
    </ClInclude>
    <ClInclude Include="BmpMgr.h">
      <Filter>02, Design\06. BmpMgr</Filter>
    </ClInclude>
    <ClInclude Include="BitMap.h">
      <Filter>02, Design\06. BmpMgr\BitMap</Filter>
    </ClInclude>
    <ClInclude Include="ScrollMgr.h">
      <Filter>02, Design\05. ScrollMgr</Filter>
    </ClInclude>
    <ClInclude Include="Block.h">
      <Filter>01. Obj\01. Block</Filter>
    </ClInclude>
    <ClInclude Include="CollisionMgr.h">
      <Filter>02, Design\01. CollisionMgr</Filter>
    </ClInclude>
    <ClInclude Include="LineMgr.h">
      <Filter>02, Design\03. LineMgr</Filter>
    </ClInclude>
    <ClInclude Include="Line.h">
      <Filter>02, Design\03. LineMgr\Line</Filter>
    </ClInclude>
  </ItemGroup>
  <ItemGroup>
    <ClCompile Include="stdafx.cpp">
      <Filter>소스 파일</Filter>
    </ClCompile>
    <ClCompile Include="DefaultWindow.cpp">
      <Filter>소스 파일</Filter>
    </ClCompile>
    <ClCompile Include="MainGame.cpp">
      <Filter>00. MainGame</Filter>
    </ClCompile>
    <ClCompile Include="Obj.cpp">
      <Filter>01. Obj</Filter>
    </ClCompile>
    <ClCompile Include="ObjMgr.cpp">
      <Filter>02, Design\02. ObjMgr</Filter>
    </ClCompile>
    <ClCompile Include="SceneMgr.cpp">
      <Filter>02, Design\08. SceneMgr</Filter>
    </ClCompile>
    <ClCompile Include="Tetris.cpp">
      <Filter>03 Scene\00. Game</Filter>
    </ClCompile>
    <ClCompile Include="KeyMgr.cpp">
      <Filter>02, Design\04. KeyMgr</Filter>
    </ClCompile>
    <ClCompile Include="BmpMgr.cpp">
      <Filter>02, Design\06. BmpMgr</Filter>
    </ClCompile>
    <ClCompile Include="BitMap.cpp">
      <Filter>02, Design\06. BmpMgr\BitMap</Filter>
    </ClCompile>
    <ClCompile Include="ScrollMgr.cpp">
      <Filter>02, Design\05. ScrollMgr</Filter>
    </ClCompile>
    <ClCompile Include="Block.cpp">
      <Filter>01. Obj\01. Block</Filter>
    </ClCompile>
    <ClCompile Include="CollisionMgr.cpp">
      <Filter>02, Design\01. CollisionMgr</Filter>
    </ClCompile>
    <ClCompile Include="LineMgr.cpp">
      <Filter>02, Design\03. LineMgr</Filter>
    </ClCompile>
    <ClCompile Include="Line.cpp">
      <Filter>02, Design\03. LineMgr\Line</Filter>
    </ClCompile>
  </ItemGroup>
  <ItemGroup>
    <ResourceCompile Include="DefaultWindow.rc">
      <Filter>리소스 파일</Filter>
    </ResourceCompile>
  </ItemGroup>
  <ItemGroup>
    <Image Include="small.ico">
      <Filter>리소스 파일</Filter>
    </Image>
    <Image Include="DefaultWindow.ico">
      <Filter>리소스 파일</Filter>
    </Image>
  </ItemGroup>
</Project>