<?xml version="1.0" encoding="utf-8"?>
<Project ToolsVersion="4.0" xmlns="http://schemas.microsoft.com/developer/msbuild/2003">
  <ItemGroup>
    <Filter Include="소스 파일">
      <UniqueIdentifier>{4FC737F1-C7A5-4376-A066-2A32D752A2FF}</UniqueIdentifier>
      <Extensions>cpp;c;cc;cxx;def;odl;idl;hpj;bat;asm;asmx</Extensions>
    </Filter>
    <Filter Include="헤더 파일">
      <UniqueIdentifier>{93995380-89BD-4b04-88EB-625FBE52EBFB}</UniqueIdentifier>
      <Extensions>h;hh;hpp;hxx;hm;inl;inc;xsd</Extensions>
    </Filter>
    <Filter Include="리소스 파일">
      <UniqueIdentifier>{67DA6AB6-F800-4c08-8B7A-83BB121AAD01}</UniqueIdentifier>
      <Extensions>rc;ico;cur;bmp;dlg;rc2;rct;bin;rgs;gif;jpg;jpeg;jpe;resx;tiff;tif;png;wav;mfcribbon-ms</Extensions>
    </Filter>
    <Filter Include="00. MainGame">
      <UniqueIdentifier>{111a0e4f-de5d-4515-8768-b9fdf902ebca}</UniqueIdentifier>
    </Filter>
    <Filter Include="01. Obj">
      <UniqueIdentifier>{49f72e48-cb18-4e5b-bde9-39646156909b}</UniqueIdentifier>
    </Filter>
    <Filter Include="02. Design">
      <UniqueIdentifier>{4cfff60a-3304-4f5b-884b-b4160feb7e15}</UniqueIdentifier>
    </Filter>
    <Filter Include="02. Design\00. AbstractFactory">
      <UniqueIdentifier>{d43d6b5b-11ec-4689-abcb-88f3189ab195}</UniqueIdentifier>
    </Filter>
    <Filter Include="02. Design\01. CollisionMgr">
      <UniqueIdentifier>{eb49c09b-cda2-440c-b87b-51cb9712d960}</UniqueIdentifier>
    </Filter>
    <Filter Include="02. Design\04. KeyMgr">
      <UniqueIdentifier>{9efb976b-e565-4bb5-afe3-8e8cc1eaf4f0}</UniqueIdentifier>
    </Filter>
    <Filter Include="02. Design\06. BmpMgr">
      <UniqueIdentifier>{392b77bb-0877-4138-8b51-da6f5b883c77}</UniqueIdentifier>
    </Filter>
    <Filter Include="02. Design\06. BmpMgr\Bitmap">
      <UniqueIdentifier>{9393c10f-c185-4cc8-ad27-26aa6203b785}</UniqueIdentifier>
    </Filter>
    <Filter Include="02. Design\07. SceneMgr">
      <UniqueIdentifier>{2cbd32c8-15b4-4165-8d53-60a0e7cbee67}</UniqueIdentifier>
    </Filter>
    <Filter Include="Scene">
      <UniqueIdentifier>{1f4f162b-63b0-49a0-af67-8dcf2f77eaa1}</UniqueIdentifier>
    </Filter>
    <Filter Include="Scene\00. Logo">
      <UniqueIdentifier>{32a58fb6-096d-4e28-ab1a-a495ffd8c091}</UniqueIdentifier>
    </Filter>
    <Filter Include="Scene\01. Stage1">
      <UniqueIdentifier>{c59c77e5-7210-43a9-b9a1-9e57865c0027}</UniqueIdentifier>
    </Filter>
    <Filter Include="Scene\02. Stage2">
      <UniqueIdentifier>{c8f05b46-d8dc-4a05-b073-ec609196ce85}</UniqueIdentifier>
    </Filter>
    <Filter Include="Scene\03. Stage3">
      <UniqueIdentifier>{5a200445-0c0d-4d06-9226-5e25bd2de3a9}</UniqueIdentifier>
    </Filter>
    <Filter Include="Scene\04. Stage4">
      <UniqueIdentifier>{aa2e4a08-f5ad-4bed-a769-1d0ae45b99a9}</UniqueIdentifier>
    </Filter>
    <Filter Include="Scene\05. Ending">
      <UniqueIdentifier>{19ed30a7-5db0-45a3-8a4a-bf545b7e3c39}</UniqueIdentifier>
    </Filter>
    <Filter Include="Scene\01. Stage1\00. Obj">
      <UniqueIdentifier>{99b2c392-d442-4c4a-8b21-6f092d196ff9}</UniqueIdentifier>
    </Filter>
    <Filter Include="Scene\01. Stage1\01. Design">
      <UniqueIdentifier>{b8e31c53-68ed-4139-8e63-dafed2e4774d}</UniqueIdentifier>
    </Filter>
    <Filter Include="Scene\02. Stage2\00. Obj">
      <UniqueIdentifier>{a425207a-32a8-42b7-9e39-a533dfb43190}</UniqueIdentifier>
    </Filter>
    <Filter Include="Scene\02. Stage2\01. Design">
      <UniqueIdentifier>{5c516c1b-decd-4ac1-b2eb-da635d3e99c7}</UniqueIdentifier>
    </Filter>
    <Filter Include="Scene\03. Stage3\00. Obj">
      <UniqueIdentifier>{69b8da36-baef-4c88-848e-a5dc584c05ea}</UniqueIdentifier>
    </Filter>
    <Filter Include="Scene\03. Stage3\01. Design">
      <UniqueIdentifier>{3ca71743-15a6-40c4-9272-88f5e832d730}</UniqueIdentifier>
    </Filter>
    <Filter Include="Scene\04. Stage4\00. Obj">
      <UniqueIdentifier>{49dd3f88-8fcb-40fa-9524-e629251586a3}</UniqueIdentifier>
    </Filter>
    <Filter Include="Scene\04. Stage4\01. Design">
      <UniqueIdentifier>{69ad6b29-8baa-445a-8605-d783f1a604f0}</UniqueIdentifier>
    </Filter>
    <Filter Include="Scene\01. Stage1\00. Obj\00. Player">
      <UniqueIdentifier>{7a9ea549-f54e-4282-acf3-ce36c7a9966d}</UniqueIdentifier>
    </Filter>
    <Filter Include="Scene\01. Stage1\01. Design\00. AbstractFactory">
      <UniqueIdentifier>{74b6c0f7-2c37-411f-a0af-4d56bcc485cb}</UniqueIdentifier>
    </Filter>
    <Filter Include="Scene\01. Stage1\01. Design\01. CollisionMgr">
      <UniqueIdentifier>{a8c51c04-fb49-4444-8a01-555532094ee0}</UniqueIdentifier>
    </Filter>
    <Filter Include="Scene\01. Stage1\01. Design\02. ObjMgr">
      <UniqueIdentifier>{619dbd68-2d78-4a4d-83a4-d8003f439325}</UniqueIdentifier>
    </Filter>
    <Filter Include="Scene\01. Stage1\01. Design\03. KeyMgr">
      <UniqueIdentifier>{be831470-5412-4006-b1b3-3e3f11913470}</UniqueIdentifier>
    </Filter>
    <Filter Include="Scene\01. Stage1\01. Design\04. BmpMgr">
      <UniqueIdentifier>{5290e405-a27d-4240-8c1a-fff82ba0bca8}</UniqueIdentifier>
    </Filter>
    <Filter Include="Scene\01. Stage1\01. Design\05. SceneMgr">
      <UniqueIdentifier>{62283fa6-8c64-49a4-babd-5136a5bb48a3}</UniqueIdentifier>
    </Filter>
    <Filter Include="Scene\01. Stage1\01. Design\06. SoundMgr">
      <UniqueIdentifier>{763bd1d2-86c9-4827-a1cb-0e3f2deb8693}</UniqueIdentifier>
    </Filter>
    <Filter Include="02. Design\02. ObjMgr">
      <UniqueIdentifier>{691b429c-0875-4ddc-9f5c-bb24283e5a31}</UniqueIdentifier>
    </Filter>
    <Filter Include="Scene\02. Stage2\00. Obj\01. Block">
      <UniqueIdentifier>{0b23c043-8aef-450b-a189-1a7e6fe3b6a5}</UniqueIdentifier>
    </Filter>
  </ItemGroup>
  <ItemGroup>
    <Text Include="ReadMe.txt" />
  </ItemGroup>
  <ItemGroup>
    <ClInclude Include="stdafx.h">
      <Filter>헤더 파일</Filter>
    </ClInclude>
    <ClInclude Include="targetver.h">
      <Filter>헤더 파일</Filter>
    </ClInclude>
    <ClInclude Include="Resource.h">
      <Filter>헤더 파일</Filter>
    </ClInclude>
    <ClInclude Include="DefaultWindow.h">
      <Filter>헤더 파일</Filter>
    </ClInclude>
    <ClInclude Include="MainGame.h">
      <Filter>00. MainGame</Filter>
    </ClInclude>
    <ClInclude Include="Define.h">
      <Filter>헤더 파일</Filter>
    </ClInclude>
    <ClInclude Include="Obj.h">
      <Filter>01. Obj</Filter>
    </ClInclude>
    <ClInclude Include="KeyMgr.h">
      <Filter>02. Design\04. KeyMgr</Filter>
    </ClInclude>
    <ClInclude Include="SceneMgr.h">
      <Filter>02. Design\07. SceneMgr</Filter>
    </ClInclude>
    <ClInclude Include="Scene.h">
      <Filter>Scene</Filter>
    </ClInclude>
    <ClInclude Include="Logo.h">
      <Filter>Scene\00. Logo</Filter>
    </ClInclude>
    <ClInclude Include="Stage1.h">
      <Filter>Scene\01. Stage1</Filter>
    </ClInclude>
    <ClInclude Include="Stage2.h">
      <Filter>Scene\02. Stage2</Filter>
    </ClInclude>
    <ClInclude Include="Stage3.h">
      <Filter>Scene\03. Stage3</Filter>
    </ClInclude>
    <ClInclude Include="Stage4.h">
      <Filter>Scene\04. Stage4</Filter>
    </ClInclude>
    <ClInclude Include="Ending.h">
      <Filter>Scene\05. Ending</Filter>
    </ClInclude>
    <ClInclude Include="AbstractFactory.h">
      <Filter>02. Design\00. AbstractFactory</Filter>
    </ClInclude>
    <ClInclude Include="CollisionMgr.h">
      <Filter>02. Design\01. CollisionMgr</Filter>
    </ClInclude>
    <ClInclude Include="ObjMgr.h">
      <Filter>02. Design\02. ObjMgr</Filter>
    </ClInclude>
    <ClInclude Include="BmpMgr.h">
      <Filter>02. Design\06. BmpMgr</Filter>
    </ClInclude>
    <ClInclude Include="BitMap.h">
      <Filter>02. Design\06. BmpMgr\Bitmap</Filter>
    </ClInclude>
    <ClInclude Include="Block.h">
      <Filter>Scene\02. Stage2\00. Obj\01. Block</Filter>
    </ClInclude>
  </ItemGroup>
  <ItemGroup>
    <ClCompile Include="stdafx.cpp">
      <Filter>소스 파일</Filter>
    </ClCompile>
    <ClCompile Include="DefaultWindow.cpp">
      <Filter>소스 파일</Filter>
    </ClCompile>
    <ClCompile Include="MainGame.cpp">
      <Filter>00. MainGame</Filter>
    </ClCompile>
    <ClCompile Include="Obj.cpp">
      <Filter>01. Obj</Filter>
    </ClCompile>
    <ClCompile Include="KeyMgr.cpp">
      <Filter>02. Design\04. KeyMgr</Filter>
    </ClCompile>
    <ClCompile Include="SceneMgr.cpp">
      <Filter>02. Design\07. SceneMgr</Filter>
    </ClCompile>
    <ClCompile Include="Scene.cpp">
      <Filter>Scene</Filter>
    </ClCompile>
    <ClCompile Include="Logo.cpp">
      <Filter>Scene\00. Logo</Filter>
    </ClCompile>
    <ClCompile Include="Stage1.cpp">
      <Filter>Scene\01. Stage1</Filter>
    </ClCompile>
    <ClCompile Include="Stage2.cpp">
      <Filter>Scene\02. Stage2</Filter>
    </ClCompile>
    <ClCompile Include="Stage3.cpp">
      <Filter>Scene\03. Stage3</Filter>
    </ClCompile>
    <ClCompile Include="Stage4.cpp">
      <Filter>Scene\04. Stage4</Filter>
    </ClCompile>
    <ClCompile Include="Ending.cpp">
      <Filter>Scene\05. Ending</Filter>
    </ClCompile>
    <ClCompile Include="CollisionMgr.cpp">
      <Filter>02. Design\01. CollisionMgr</Filter>
    </ClCompile>
    <ClCompile Include="ObjMgr.cpp">
      <Filter>02. Design\02. ObjMgr</Filter>
    </ClCompile>
    <ClCompile Include="BmpMgr.cpp">
      <Filter>02. Design\06. BmpMgr</Filter>
    </ClCompile>
    <ClCompile Include="BitMap.cpp">
      <Filter>02. Design\06. BmpMgr\Bitmap</Filter>
    </ClCompile>
    <ClCompile Include="Block.cpp">
      <Filter>Scene\02. Stage2\00. Obj\01. Block</Filter>
    </ClCompile>
  </ItemGroup>
  <ItemGroup>
    <ResourceCompile Include="DefaultWindow.rc">
      <Filter>리소스 파일</Filter>
    </ResourceCompile>
  </ItemGroup>
  <ItemGroup>
    <Image Include="small.ico">
      <Filter>리소스 파일</Filter>
    </Image>
    <Image Include="DefaultWindow.ico">
      <Filter>리소스 파일</Filter>
    </Image>
  </ItemGroup>
</Project>